
Microsoft Visual Studio Solution File, Format Version 12.00
# Visual Studio Version 17
VisualStudioVersion = 17.3.32804.467
MinimumVisualStudioVersion = 10.0.40219.1
Project("{9A19103F-16F7-4668-BE54-9A1E7A4F7556}") = "ParkyAPI", "ParkyAPI\ParkyAPI.csproj", "{455A5248-B629-406F-B560-B1214F540B03}"
EndProject
Project("{FAE04EC0-301F-11D3-BF4B-00C04F79EFBC}") = "ParkyWeb", "ParkyWeb\ParkyWeb.csproj", "{B9AB00A3-6B2B-4EA5-8A47-21B8B03E2197}"
EndProject
Global
	GlobalSection(SolutionConfigurationPlatforms) = preSolution
		Debug|Any CPU = Debug|Any CPU
		Release|Any CPU = Release|Any CPU
	EndGlobalSection
	GlobalSection(ProjectConfigurationPlatforms) = postSolution
		{455A5248-B629-406F-B560-B1214F540B03}.Debug|Any CPU.ActiveCfg = Debug|Any CPU
		{455A5248-B629-406F-B560-B1214F540B03}.Debug|Any CPU.Build.0 = Debug|Any CPU
		{455A5248-B629-406F-B560-B1214F540B03}.Release|Any CPU.ActiveCfg = Release|Any CPU
		{455A5248-B629-406F-B560-B1214F540B03}.Release|Any CPU.Build.0 = Release|Any CPU
		{B9AB00A3-6B2B-4EA5-8A47-21B8B03E2197}.Debug|Any CPU.ActiveCfg = Debug|Any CPU
		{B9AB00A3-6B2B-4EA5-8A47-21B8B03E2197}.Debug|Any CPU.Build.0 = Debug|Any CPU
		{B9AB00A3-6B2B-4EA5-8A47-21B8B03E2197}.Release|Any CPU.ActiveCfg = Release|Any CPU
		{B9AB00A3-6B2B-4EA5-8A47-21B8B03E2197}.Release|Any CPU.Build.0 = Release|Any CPU
	EndGlobalSection
	GlobalSection(SolutionProperties) = preSolution
		HideSolutionNode = FALSE
	EndGlobalSection
	GlobalSection(ExtensibilityGlobals) = postSolution
		SolutionGuid = {8672C4C7-52D9-4E68-80E3-424E0C084596}
	EndGlobalSection
EndGlobal
